
Microsoft Visual Studio Solution File, Format Version 12.00
# Visual Studio 14
VisualStudioVersion = 14.0.25123.0
MinimumVisualStudioVersion = 10.0.40219.1
Project("{8BC9CEB8-8B4A-11D0-8D11-00A0C91BC942}") = "TimesTable", "GoogleCPP1\GoogleCPP1.vcxproj", "{D473ECDD-A423-43F4-BB9E-AC77797CE4BF}"
	ProjectSection(ProjectDependencies) = postProject
		{503521CB-D4A0-4486-8156-AA85C013FDFA} = {503521CB-D4A0-4486-8156-AA85C013FDFA}
	EndProjectSection
EndProject
Project("{8BC9CEB8-8B4A-11D0-8D11-00A0C91BC942}") = "Exercise1", "Exercise1\Exercise1.vcxproj", "{E4B39604-844F-4249-B786-9F27C227EE72}"
EndProject
Project("{2150E333-8FDC-42A3-9474-1A3956D46DE8}") = "PS_Boost", "PS_Boost", "{1CACA86C-A80E-40D2-8D7D-C46B05EAB91B}"
EndProject
Project("{8BC9CEB8-8B4A-11D0-8D11-00A0C91BC942}") = "UsrLib", "UsrLib\UsrLib.vcxproj", "{503521CB-D4A0-4486-8156-AA85C013FDFA}"
EndProject
Project("{8BC9CEB8-8B4A-11D0-8D11-00A0C91BC942}") = "Any", "PS_BoostCourse\Any\Any.vcxproj", "{D3908D0B-9614-498D-AE41-3DA14E3FE8F4}"
EndProject
Project("{8BC9CEB8-8B4A-11D0-8D11-00A0C91BC942}") = "Assorted", "PS_BoostCourse\Assorted\Assorted.vcxproj", "{3210F9EC-4928-4952-A26D-60E2E409147D}"
EndProject
Project("{8BC9CEB8-8B4A-11D0-8D11-00A0C91BC942}") = "FileSystem", "PS_BoostCourse\FileSystem\FileSystem.vcxproj", "{0D82767C-3B36-431A-84FD-9FD887EB5FD9}"
EndProject
Project("{8BC9CEB8-8B4A-11D0-8D11-00A0C91BC942}") = "Optionality", "PS_BoostCourse\Optionality\Optionality.vcxproj", "{39A7F4CE-2215-4E75-96E5-5F554CE856A3}"
EndProject
Project("{8BC9CEB8-8B4A-11D0-8D11-00A0C91BC942}") = "ProgramOptions", "PS_BoostCourse\ProgramOptions\ProgramOptions.vcxproj", "{9EAF0D95-D6ED-4CAC-AD57-14364D0122D7}"
EndProject
Project("{8BC9CEB8-8B4A-11D0-8D11-00A0C91BC942}") = "Signals2", "PS_BoostCourse\Signals2\Signals2.vcxproj", "{B546F062-3C26-482C-8603-F30FDE64E44B}"
EndProject
Project("{8BC9CEB8-8B4A-11D0-8D11-00A0C91BC942}") = "PS_AcceleratedCPP", "PS_AcceleratedCPP\PS_AcceleratedCPP.vcxproj", "{1E7A0685-7036-4173-AFEE-475284064FB9}"
	ProjectSection(ProjectDependencies) = postProject
		{503521CB-D4A0-4486-8156-AA85C013FDFA} = {503521CB-D4A0-4486-8156-AA85C013FDFA}
	EndProjectSection
EndProject
Project("{8BC9CEB8-8B4A-11D0-8D11-00A0C91BC942}") = "CppExamples", "CppExamples\CppExamples.vcxproj", "{40367E38-7AAB-4A31-8061-6794D10D1ADC}"
	ProjectSection(ProjectDependencies) = postProject
		{503521CB-D4A0-4486-8156-AA85C013FDFA} = {503521CB-D4A0-4486-8156-AA85C013FDFA}
	EndProjectSection
EndProject
Project("{8BC9CEB8-8B4A-11D0-8D11-00A0C91BC942}") = "M1-Preliminaries", "PS_DesignPatterns\1-Monads+\Creational.vcxproj", "{35BCB879-35B1-40A8-BFAD-8047EDE45215}"
EndProject
Project("{2150E333-8FDC-42A3-9474-1A3956D46DE8}") = "PS_DesignPatterns", "PS_DesignPatterns", "{B50653EB-00B2-4630-9C83-68FD9B4D1042}"
EndProject
Project("{8BC9CEB8-8B4A-11D0-8D11-00A0C91BC942}") = "M2-Builder", "PS_DesignPatterns\2-Builder\Creational-M2.vcxproj", "{A2EAA3EF-D92C-41AA-A184-08A58D77FF1F}"
EndProject
Project("{8BC9CEB8-8B4A-11D0-8D11-00A0C91BC942}") = "M3-Factory", "PS_DesignPatterns\3-Factory\Creational-M3.vcxproj", "{D7407BC1-DBD7-4284-B658-ECD294BBBCC0}"
EndProject
Project("{8BC9CEB8-8B4A-11D0-8D11-00A0C91BC942}") = "M4-Prototype", "PS_DesignPatterns\4-Prototypes\Creational-M4.vcxproj", "{E42CF8EF-E554-4583-9536-13509083D9FB}"
EndProject
Project("{8BC9CEB8-8B4A-11D0-8D11-00A0C91BC942}") = "M5-Singleton", "PS_DesignPatterns\5-Singleton\Creational-M5.vcxproj", "{C61868CF-2058-4192-BE37-B416772E9BEF}"
EndProject
Global
	GlobalSection(SolutionConfigurationPlatforms) = preSolution
		Debug|ARM = Debug|ARM
		Debug|x64 = Debug|x64
		Debug|x86 = Debug|x86
		Release|ARM = Release|ARM
		Release|x64 = Release|x64
		Release|x86 = Release|x86
	EndGlobalSection
	GlobalSection(ProjectConfigurationPlatforms) = postSolution
		{D473ECDD-A423-43F4-BB9E-AC77797CE4BF}.Debug|ARM.ActiveCfg = Debug|Win32
		{D473ECDD-A423-43F4-BB9E-AC77797CE4BF}.Debug|x64.ActiveCfg = Release|x64
		{D473ECDD-A423-43F4-BB9E-AC77797CE4BF}.Debug|x64.Build.0 = Release|x64
		{D473ECDD-A423-43F4-BB9E-AC77797CE4BF}.Debug|x86.ActiveCfg = Debug|Win32
		{D473ECDD-A423-43F4-BB9E-AC77797CE4BF}.Debug|x86.Build.0 = Debug|Win32
		{D473ECDD-A423-43F4-BB9E-AC77797CE4BF}.Release|ARM.ActiveCfg = Release|Win32
		{D473ECDD-A423-43F4-BB9E-AC77797CE4BF}.Release|x64.ActiveCfg = Release|x64
		{D473ECDD-A423-43F4-BB9E-AC77797CE4BF}.Release|x64.Build.0 = Release|x64
		{D473ECDD-A423-43F4-BB9E-AC77797CE4BF}.Release|x86.ActiveCfg = Release|Win32
		{D473ECDD-A423-43F4-BB9E-AC77797CE4BF}.Release|x86.Build.0 = Release|Win32
		{E4B39604-844F-4249-B786-9F27C227EE72}.Debug|ARM.ActiveCfg = Debug|Win32
		{E4B39604-844F-4249-B786-9F27C227EE72}.Debug|x64.ActiveCfg = Release|x64
		{E4B39604-844F-4249-B786-9F27C227EE72}.Debug|x64.Build.0 = Release|x64
		{E4B39604-844F-4249-B786-9F27C227EE72}.Debug|x86.ActiveCfg = Debug|Win32
		{E4B39604-844F-4249-B786-9F27C227EE72}.Debug|x86.Build.0 = Debug|Win32
		{E4B39604-844F-4249-B786-9F27C227EE72}.Release|ARM.ActiveCfg = Release|Win32
		{E4B39604-844F-4249-B786-9F27C227EE72}.Release|x64.ActiveCfg = Release|x64
		{E4B39604-844F-4249-B786-9F27C227EE72}.Release|x64.Build.0 = Release|x64
		{E4B39604-844F-4249-B786-9F27C227EE72}.Release|x86.ActiveCfg = Release|Win32
		{E4B39604-844F-4249-B786-9F27C227EE72}.Release|x86.Build.0 = Release|Win32
		{503521CB-D4A0-4486-8156-AA85C013FDFA}.Debug|ARM.ActiveCfg = Debug|Win32
		{503521CB-D4A0-4486-8156-AA85C013FDFA}.Debug|x64.ActiveCfg = Release|x64
		{503521CB-D4A0-4486-8156-AA85C013FDFA}.Debug|x64.Build.0 = Release|x64
		{503521CB-D4A0-4486-8156-AA85C013FDFA}.Debug|x86.ActiveCfg = Debug|Win32
		{503521CB-D4A0-4486-8156-AA85C013FDFA}.Debug|x86.Build.0 = Debug|Win32
		{503521CB-D4A0-4486-8156-AA85C013FDFA}.Release|ARM.ActiveCfg = Release|Win32
		{503521CB-D4A0-4486-8156-AA85C013FDFA}.Release|x64.ActiveCfg = Release|x64
		{503521CB-D4A0-4486-8156-AA85C013FDFA}.Release|x64.Build.0 = Release|x64
		{503521CB-D4A0-4486-8156-AA85C013FDFA}.Release|x86.ActiveCfg = Release|Win32
		{503521CB-D4A0-4486-8156-AA85C013FDFA}.Release|x86.Build.0 = Release|Win32
		{D3908D0B-9614-498D-AE41-3DA14E3FE8F4}.Debug|ARM.ActiveCfg = Debug|Win32
		{D3908D0B-9614-498D-AE41-3DA14E3FE8F4}.Debug|x64.ActiveCfg = Release|Win32
		{D3908D0B-9614-498D-AE41-3DA14E3FE8F4}.Debug|x64.Build.0 = Release|Win32
		{D3908D0B-9614-498D-AE41-3DA14E3FE8F4}.Debug|x86.ActiveCfg = Debug|Win32
		{D3908D0B-9614-498D-AE41-3DA14E3FE8F4}.Debug|x86.Build.0 = Debug|Win32
		{D3908D0B-9614-498D-AE41-3DA14E3FE8F4}.Release|ARM.ActiveCfg = Release|Win32
		{D3908D0B-9614-498D-AE41-3DA14E3FE8F4}.Release|x64.ActiveCfg = Release|Win32
		{D3908D0B-9614-498D-AE41-3DA14E3FE8F4}.Release|x64.Build.0 = Release|Win32
		{D3908D0B-9614-498D-AE41-3DA14E3FE8F4}.Release|x86.ActiveCfg = Release|Win32
		{D3908D0B-9614-498D-AE41-3DA14E3FE8F4}.Release|x86.Build.0 = Release|Win32
		{3210F9EC-4928-4952-A26D-60E2E409147D}.Debug|ARM.ActiveCfg = Debug|Win32
		{3210F9EC-4928-4952-A26D-60E2E409147D}.Debug|x64.ActiveCfg = Release|Win32
		{3210F9EC-4928-4952-A26D-60E2E409147D}.Debug|x64.Build.0 = Release|Win32
		{3210F9EC-4928-4952-A26D-60E2E409147D}.Debug|x86.ActiveCfg = Debug|Win32
		{3210F9EC-4928-4952-A26D-60E2E409147D}.Debug|x86.Build.0 = Debug|Win32
		{3210F9EC-4928-4952-A26D-60E2E409147D}.Release|ARM.ActiveCfg = Release|Win32
		{3210F9EC-4928-4952-A26D-60E2E409147D}.Release|x64.ActiveCfg = Release|Win32
		{3210F9EC-4928-4952-A26D-60E2E409147D}.Release|x64.Build.0 = Release|Win32
		{3210F9EC-4928-4952-A26D-60E2E409147D}.Release|x86.ActiveCfg = Release|Win32
		{3210F9EC-4928-4952-A26D-60E2E409147D}.Release|x86.Build.0 = Release|Win32
		{0D82767C-3B36-431A-84FD-9FD887EB5FD9}.Debug|ARM.ActiveCfg = Debug|Win32
		{0D82767C-3B36-431A-84FD-9FD887EB5FD9}.Debug|x64.ActiveCfg = Release|Win32
		{0D82767C-3B36-431A-84FD-9FD887EB5FD9}.Debug|x64.Build.0 = Release|Win32
		{0D82767C-3B36-431A-84FD-9FD887EB5FD9}.Debug|x86.ActiveCfg = Debug|Win32
		{0D82767C-3B36-431A-84FD-9FD887EB5FD9}.Debug|x86.Build.0 = Debug|Win32
		{0D82767C-3B36-431A-84FD-9FD887EB5FD9}.Release|ARM.ActiveCfg = Release|Win32
		{0D82767C-3B36-431A-84FD-9FD887EB5FD9}.Release|x64.ActiveCfg = Release|Win32
		{0D82767C-3B36-431A-84FD-9FD887EB5FD9}.Release|x64.Build.0 = Release|Win32
		{0D82767C-3B36-431A-84FD-9FD887EB5FD9}.Release|x86.ActiveCfg = Release|Win32
		{0D82767C-3B36-431A-84FD-9FD887EB5FD9}.Release|x86.Build.0 = Release|Win32
		{39A7F4CE-2215-4E75-96E5-5F554CE856A3}.Debug|ARM.ActiveCfg = Debug|Win32
		{39A7F4CE-2215-4E75-96E5-5F554CE856A3}.Debug|x64.ActiveCfg = Release|Win32
		{39A7F4CE-2215-4E75-96E5-5F554CE856A3}.Debug|x64.Build.0 = Release|Win32
		{39A7F4CE-2215-4E75-96E5-5F554CE856A3}.Debug|x86.ActiveCfg = Debug|Win32
		{39A7F4CE-2215-4E75-96E5-5F554CE856A3}.Debug|x86.Build.0 = Debug|Win32
		{39A7F4CE-2215-4E75-96E5-5F554CE856A3}.Release|ARM.ActiveCfg = Release|Win32
		{39A7F4CE-2215-4E75-96E5-5F554CE856A3}.Release|x64.ActiveCfg = Release|Win32
		{39A7F4CE-2215-4E75-96E5-5F554CE856A3}.Release|x64.Build.0 = Release|Win32
		{39A7F4CE-2215-4E75-96E5-5F554CE856A3}.Release|x86.ActiveCfg = Release|Win32
		{39A7F4CE-2215-4E75-96E5-5F554CE856A3}.Release|x86.Build.0 = Release|Win32
		{9EAF0D95-D6ED-4CAC-AD57-14364D0122D7}.Debug|ARM.ActiveCfg = Debug|Win32
		{9EAF0D95-D6ED-4CAC-AD57-14364D0122D7}.Debug|x64.ActiveCfg = Release|Win32
		{9EAF0D95-D6ED-4CAC-AD57-14364D0122D7}.Debug|x64.Build.0 = Release|Win32
		{9EAF0D95-D6ED-4CAC-AD57-14364D0122D7}.Debug|x86.ActiveCfg = Debug|Win32
		{9EAF0D95-D6ED-4CAC-AD57-14364D0122D7}.Debug|x86.Build.0 = Debug|Win32
		{9EAF0D95-D6ED-4CAC-AD57-14364D0122D7}.Release|ARM.ActiveCfg = Release|Win32
		{9EAF0D95-D6ED-4CAC-AD57-14364D0122D7}.Release|x64.ActiveCfg = Release|Win32
		{9EAF0D95-D6ED-4CAC-AD57-14364D0122D7}.Release|x64.Build.0 = Release|Win32
		{9EAF0D95-D6ED-4CAC-AD57-14364D0122D7}.Release|x86.ActiveCfg = Release|Win32
		{9EAF0D95-D6ED-4CAC-AD57-14364D0122D7}.Release|x86.Build.0 = Release|Win32
		{B546F062-3C26-482C-8603-F30FDE64E44B}.Debug|ARM.ActiveCfg = Debug|Win32
		{B546F062-3C26-482C-8603-F30FDE64E44B}.Debug|x64.ActiveCfg = Release|Win32
		{B546F062-3C26-482C-8603-F30FDE64E44B}.Debug|x64.Build.0 = Release|Win32
		{B546F062-3C26-482C-8603-F30FDE64E44B}.Debug|x86.ActiveCfg = Debug|Win32
		{B546F062-3C26-482C-8603-F30FDE64E44B}.Debug|x86.Build.0 = Debug|Win32
		{B546F062-3C26-482C-8603-F30FDE64E44B}.Release|ARM.ActiveCfg = Release|Win32
		{B546F062-3C26-482C-8603-F30FDE64E44B}.Release|x64.ActiveCfg = Release|Win32
		{B546F062-3C26-482C-8603-F30FDE64E44B}.Release|x64.Build.0 = Release|Win32
		{B546F062-3C26-482C-8603-F30FDE64E44B}.Release|x86.ActiveCfg = Release|Win32
		{B546F062-3C26-482C-8603-F30FDE64E44B}.Release|x86.Build.0 = Release|Win32
		{1E7A0685-7036-4173-AFEE-475284064FB9}.Debug|ARM.ActiveCfg = Debug|Win32
		{1E7A0685-7036-4173-AFEE-475284064FB9}.Debug|x64.ActiveCfg = Debug|x64
		{1E7A0685-7036-4173-AFEE-475284064FB9}.Debug|x64.Build.0 = Debug|x64
		{1E7A0685-7036-4173-AFEE-475284064FB9}.Debug|x86.ActiveCfg = Debug|Win32
		{1E7A0685-7036-4173-AFEE-475284064FB9}.Debug|x86.Build.0 = Debug|Win32
		{1E7A0685-7036-4173-AFEE-475284064FB9}.Release|ARM.ActiveCfg = Release|Win32
		{1E7A0685-7036-4173-AFEE-475284064FB9}.Release|x64.ActiveCfg = Release|x64
		{1E7A0685-7036-4173-AFEE-475284064FB9}.Release|x64.Build.0 = Release|x64
		{1E7A0685-7036-4173-AFEE-475284064FB9}.Release|x86.ActiveCfg = Release|Win32
		{1E7A0685-7036-4173-AFEE-475284064FB9}.Release|x86.Build.0 = Release|Win32
		{40367E38-7AAB-4A31-8061-6794D10D1ADC}.Debug|ARM.ActiveCfg = Debug|Win32
		{40367E38-7AAB-4A31-8061-6794D10D1ADC}.Debug|x64.ActiveCfg = Debug|x64
		{40367E38-7AAB-4A31-8061-6794D10D1ADC}.Debug|x64.Build.0 = Debug|x64
		{40367E38-7AAB-4A31-8061-6794D10D1ADC}.Debug|x86.ActiveCfg = Debug|Win32
		{40367E38-7AAB-4A31-8061-6794D10D1ADC}.Debug|x86.Build.0 = Debug|Win32
		{40367E38-7AAB-4A31-8061-6794D10D1ADC}.Release|ARM.ActiveCfg = Release|Win32
		{40367E38-7AAB-4A31-8061-6794D10D1ADC}.Release|x64.ActiveCfg = Release|x64
		{40367E38-7AAB-4A31-8061-6794D10D1ADC}.Release|x64.Build.0 = Release|x64
		{40367E38-7AAB-4A31-8061-6794D10D1ADC}.Release|x86.ActiveCfg = Release|Win32
		{40367E38-7AAB-4A31-8061-6794D10D1ADC}.Release|x86.Build.0 = Release|Win32
		{35BCB879-35B1-40A8-BFAD-8047EDE45215}.Debug|ARM.ActiveCfg = Debug|Win32
		{35BCB879-35B1-40A8-BFAD-8047EDE45215}.Debug|x64.ActiveCfg = Debug|x64
		{35BCB879-35B1-40A8-BFAD-8047EDE45215}.Debug|x64.Build.0 = Debug|x64
		{35BCB879-35B1-40A8-BFAD-8047EDE45215}.Debug|x86.ActiveCfg = Debug|Win32
		{35BCB879-35B1-40A8-BFAD-8047EDE45215}.Debug|x86.Build.0 = Debug|Win32
		{35BCB879-35B1-40A8-BFAD-8047EDE45215}.Release|ARM.ActiveCfg = Release|Win32
		{35BCB879-35B1-40A8-BFAD-8047EDE45215}.Release|x64.ActiveCfg = Release|x64
		{35BCB879-35B1-40A8-BFAD-8047EDE45215}.Release|x64.Build.0 = Release|x64
		{35BCB879-35B1-40A8-BFAD-8047EDE45215}.Release|x86.ActiveCfg = Release|Win32
		{35BCB879-35B1-40A8-BFAD-8047EDE45215}.Release|x86.Build.0 = Release|Win32
		{A2EAA3EF-D92C-41AA-A184-08A58D77FF1F}.Debug|ARM.ActiveCfg = Debug|Win32
		{A2EAA3EF-D92C-41AA-A184-08A58D77FF1F}.Debug|x64.ActiveCfg = Debug|x64
		{A2EAA3EF-D92C-41AA-A184-08A58D77FF1F}.Debug|x64.Build.0 = Debug|x64
		{A2EAA3EF-D92C-41AA-A184-08A58D77FF1F}.Debug|x86.ActiveCfg = Debug|Win32
		{A2EAA3EF-D92C-41AA-A184-08A58D77FF1F}.Debug|x86.Build.0 = Debug|Win32
		{A2EAA3EF-D92C-41AA-A184-08A58D77FF1F}.Release|ARM.ActiveCfg = Release|Win32
		{A2EAA3EF-D92C-41AA-A184-08A58D77FF1F}.Release|x64.ActiveCfg = Release|x64
		{A2EAA3EF-D92C-41AA-A184-08A58D77FF1F}.Release|x64.Build.0 = Release|x64
		{A2EAA3EF-D92C-41AA-A184-08A58D77FF1F}.Release|x86.ActiveCfg = Release|Win32
		{A2EAA3EF-D92C-41AA-A184-08A58D77FF1F}.Release|x86.Build.0 = Release|Win32
		{D7407BC1-DBD7-4284-B658-ECD294BBBCC0}.Debug|ARM.ActiveCfg = Debug|Win32
		{D7407BC1-DBD7-4284-B658-ECD294BBBCC0}.Debug|x64.ActiveCfg = Debug|x64
		{D7407BC1-DBD7-4284-B658-ECD294BBBCC0}.Debug|x64.Build.0 = Debug|x64
		{D7407BC1-DBD7-4284-B658-ECD294BBBCC0}.Debug|x86.ActiveCfg = Debug|Win32
		{D7407BC1-DBD7-4284-B658-ECD294BBBCC0}.Debug|x86.Build.0 = Debug|Win32
		{D7407BC1-DBD7-4284-B658-ECD294BBBCC0}.Release|ARM.ActiveCfg = Release|Win32
		{D7407BC1-DBD7-4284-B658-ECD294BBBCC0}.Release|x64.ActiveCfg = Release|x64
		{D7407BC1-DBD7-4284-B658-ECD294BBBCC0}.Release|x64.Build.0 = Release|x64
		{D7407BC1-DBD7-4284-B658-ECD294BBBCC0}.Release|x86.ActiveCfg = Release|Win32
		{D7407BC1-DBD7-4284-B658-ECD294BBBCC0}.Release|x86.Build.0 = Release|Win32
		{E42CF8EF-E554-4583-9536-13509083D9FB}.Debug|ARM.ActiveCfg = Debug|Win32
		{E42CF8EF-E554-4583-9536-13509083D9FB}.Debug|x64.ActiveCfg = Debug|x64
		{E42CF8EF-E554-4583-9536-13509083D9FB}.Debug|x86.ActiveCfg = Debug|Win32
		{E42CF8EF-E554-4583-9536-13509083D9FB}.Debug|x86.Build.0 = Debug|Win32
		{E42CF8EF-E554-4583-9536-13509083D9FB}.Release|ARM.ActiveCfg = Release|Win32
		{E42CF8EF-E554-4583-9536-13509083D9FB}.Release|x64.ActiveCfg = Release|x64
		{E42CF8EF-E554-4583-9536-13509083D9FB}.Release|x64.Build.0 = Release|x64
		{E42CF8EF-E554-4583-9536-13509083D9FB}.Release|x86.ActiveCfg = Release|Win32
		{E42CF8EF-E554-4583-9536-13509083D9FB}.Release|x86.Build.0 = Release|Win32
		{C61868CF-2058-4192-BE37-B416772E9BEF}.Debug|ARM.ActiveCfg = Debug|Win32
		{C61868CF-2058-4192-BE37-B416772E9BEF}.Debug|x64.ActiveCfg = Debug|x64
		{C61868CF-2058-4192-BE37-B416772E9BEF}.Debug|x64.Build.0 = Debug|x64
		{C61868CF-2058-4192-BE37-B416772E9BEF}.Debug|x86.ActiveCfg = Debug|Win32
		{C61868CF-2058-4192-BE37-B416772E9BEF}.Debug|x86.Build.0 = Debug|Win32
		{C61868CF-2058-4192-BE37-B416772E9BEF}.Release|ARM.ActiveCfg = Release|Win32
		{C61868CF-2058-4192-BE37-B416772E9BEF}.Release|x64.ActiveCfg = Release|x64
		{C61868CF-2058-4192-BE37-B416772E9BEF}.Release|x64.Build.0 = Release|x64
		{C61868CF-2058-4192-BE37-B416772E9BEF}.Release|x86.ActiveCfg = Release|Win32
		{C61868CF-2058-4192-BE37-B416772E9BEF}.Release|x86.Build.0 = Release|Win32
	EndGlobalSection
	GlobalSection(SolutionProperties) = preSolution
		HideSolutionNode = FALSE
	EndGlobalSection
	GlobalSection(NestedProjects) = preSolution
		{D3908D0B-9614-498D-AE41-3DA14E3FE8F4} = {1CACA86C-A80E-40D2-8D7D-C46B05EAB91B}
		{3210F9EC-4928-4952-A26D-60E2E409147D} = {1CACA86C-A80E-40D2-8D7D-C46B05EAB91B}
		{0D82767C-3B36-431A-84FD-9FD887EB5FD9} = {1CACA86C-A80E-40D2-8D7D-C46B05EAB91B}
		{39A7F4CE-2215-4E75-96E5-5F554CE856A3} = {1CACA86C-A80E-40D2-8D7D-C46B05EAB91B}
		{9EAF0D95-D6ED-4CAC-AD57-14364D0122D7} = {1CACA86C-A80E-40D2-8D7D-C46B05EAB91B}
		{B546F062-3C26-482C-8603-F30FDE64E44B} = {1CACA86C-A80E-40D2-8D7D-C46B05EAB91B}
		{35BCB879-35B1-40A8-BFAD-8047EDE45215} = {B50653EB-00B2-4630-9C83-68FD9B4D1042}
		{A2EAA3EF-D92C-41AA-A184-08A58D77FF1F} = {B50653EB-00B2-4630-9C83-68FD9B4D1042}
		{D7407BC1-DBD7-4284-B658-ECD294BBBCC0} = {B50653EB-00B2-4630-9C83-68FD9B4D1042}
		{E42CF8EF-E554-4583-9536-13509083D9FB} = {B50653EB-00B2-4630-9C83-68FD9B4D1042}
		{C61868CF-2058-4192-BE37-B416772E9BEF} = {B50653EB-00B2-4630-9C83-68FD9B4D1042}
	EndGlobalSection
EndGlobal
